<?xml version="1.0" encoding="utf-8"?>
<Project ToolsVersion="4.0" xmlns="http://schemas.microsoft.com/developer/msbuild/2003">
  <ItemGroup>
    <Filter Include="Исходные файлы">
      <UniqueIdentifier>{4FC737F1-C7A5-4376-A066-2A32D752A2FF}</UniqueIdentifier>
      <Extensions>cpp;c;cc;cxx;c++;cppm;ixx;def;odl;idl;hpj;bat;asm;asmx</Extensions>
    </Filter>
    <Filter Include="Файлы заголовков">
      <UniqueIdentifier>{93995380-89BD-4b04-88EB-625FBE52EBFB}</UniqueIdentifier>
      <Extensions>h;hh;hpp;hxx;h++;hm;inl;inc;ipp;xsd</Extensions>
    </Filter>
    <Filter Include="Файлы ресурсов">
      <UniqueIdentifier>{67DA6AB6-F800-4c08-8B7A-83BB121AAD01}</UniqueIdentifier>
      <Extensions>rc;ico;cur;bmp;dlg;rc2;rct;bin;rgs;gif;jpg;jpeg;jpe;resx;tiff;tif;png;wav;mfcribbon-ms</Extensions>
    </Filter>
    <Filter Include="Исходные файлы\GraphicsCore">
      <UniqueIdentifier>{d88438e5-8c9d-47ec-84fe-125104d462fb}</UniqueIdentifier>
    </Filter>
    <Filter Include="Файлы заголовков\GraphicsCore">
      <UniqueIdentifier>{231f587b-9f2c-42b5-b230-78ccd28d0e31}</UniqueIdentifier>
    </Filter>
    <Filter Include="Исходные файлы\GraphicsPostProcesses">
      <UniqueIdentifier>{f85fbaf6-d335-48d5-833b-a9ccf8eb7012}</UniqueIdentifier>
    </Filter>
    <Filter Include="Файлы заголовков\GraphicsPostProcesses">
      <UniqueIdentifier>{63978b76-e279-4533-8cb4-382a96973fae}</UniqueIdentifier>
    </Filter>
    <Filter Include="Файлы заголовков\GraphicsCore\GraphicsResourceManagement">
      <UniqueIdentifier>{a55a7c7d-4006-4d5e-befb-039203a398f3}</UniqueIdentifier>
    </Filter>
    <Filter Include="Исходные файлы\GraphicsCore\GraphicsResourceManagement">
      <UniqueIdentifier>{0ef524a1-2427-45c1-b840-f5d5db009314}</UniqueIdentifier>
    </Filter>
    <Filter Include="Исходные файлы\GraphicsCore\GraphicsResourceManagement\TextureLoaders">
      <UniqueIdentifier>{27b47c16-b6fa-4121-a1e5-71a5096235a8}</UniqueIdentifier>
    </Filter>
    <Filter Include="Файлы заголовков\GraphicsCore\GraphicsResourceManagement\TextureLoaders">
      <UniqueIdentifier>{aa1d4289-db5e-44d5-8e43-e366705bd3c4}</UniqueIdentifier>
    </Filter>
    <Filter Include="Исходные файлы\GraphicsCore\GraphicsResourceManagement\MeshLoaders">
      <UniqueIdentifier>{f4dc2fb3-a8f4-405b-8414-968be1c31d76}</UniqueIdentifier>
    </Filter>
    <Filter Include="Файлы заголовков\GraphicsCore\GraphicsResourceManagement\MeshLoaders">
      <UniqueIdentifier>{6de81a9e-e18f-48b6-af68-b4342ae4bbe5}</UniqueIdentifier>
    </Filter>
  </ItemGroup>
  <ItemGroup>
    <ClCompile Include="stdafx.cpp">
      <Filter>Исходные файлы</Filter>
    </ClCompile>
    <ClCompile Include="GraphicsRendererDirecX12.cpp">
      <Filter>Исходные файлы\GraphicsCore</Filter>
    </ClCompile>
    <ClCompile Include="GraphicsCommonHandler.cpp">
      <Filter>Исходные файлы\GraphicsCore</Filter>
    </ClCompile>
    <ClCompile Include="Main.cpp">
      <Filter>Исходные файлы</Filter>
    </ClCompile>
    <ClCompile Include="GraphicsPostProcesses.cpp">
      <Filter>Исходные файлы\GraphicsPostProcesses</Filter>
    </ClCompile>
    <ClCompile Include="GraphicsHelper.cpp">
      <Filter>Исходные файлы\GraphicsCore</Filter>
    </ClCompile>
    <ClCompile Include="GraphicsDescriptorAllocationPage.cpp">
      <Filter>Исходные файлы\GraphicsCore\GraphicsResourceManagement</Filter>
    </ClCompile>
    <ClCompile Include="GraphicsDescriptorAllocator.cpp">
      <Filter>Исходные файлы\GraphicsCore\GraphicsResourceManagement</Filter>
    </ClCompile>
    <ClCompile Include="GraphicsResourceManager.cpp">
      <Filter>Исходные файлы\GraphicsCore\GraphicsResourceManagement</Filter>
    </ClCompile>
    <ClCompile Include="GraphicsBufferAllocator.cpp">
      <Filter>Исходные файлы\GraphicsCore\GraphicsResourceManagement</Filter>
    </ClCompile>
    <ClCompile Include="GraphicsBufferAllocationPage.cpp">
      <Filter>Исходные файлы\GraphicsCore\GraphicsResourceManagement</Filter>
    </ClCompile>
    <ClCompile Include="GraphicsDDSLoader.cpp">
      <Filter>Исходные файлы\GraphicsCore\GraphicsResourceManagement\TextureLoaders</Filter>
    </ClCompile>
    <ClCompile Include="GraphicsTextureAllocator.cpp">
      <Filter>Исходные файлы\GraphicsCore\GraphicsResourceManagement</Filter>
    </ClCompile>
    <ClCompile Include="GraphicsTextureAllocationPage.cpp">
      <Filter>Исходные файлы\GraphicsCore\GraphicsResourceManagement</Filter>
    </ClCompile>
    <ClCompile Include="GraphicsOBJLoader.cpp">
      <Filter>Исходные файлы\GraphicsCore\GraphicsResourceManagement\MeshLoaders</Filter>
    </ClCompile>
  </ItemGroup>
  <ItemGroup>
    <ClInclude Include="stdafx.h">
      <Filter>Файлы заголовков</Filter>
    </ClInclude>
    <ClInclude Include="GraphicsRendererDirectX12.h">
      <Filter>Файлы заголовков\GraphicsCore</Filter>
    </ClInclude>
    <ClInclude Include="GraphicsCommonHandler.h">
      <Filter>Файлы заголовков\GraphicsCore</Filter>
    </ClInclude>
    <ClInclude Include="Main.h">
      <Filter>Файлы заголовков</Filter>
    </ClInclude>
    <ClInclude Include="GraphicsPostProcesses.h">
      <Filter>Файлы заголовков\GraphicsPostProcesses</Filter>
    </ClInclude>
    <ClInclude Include="GraphicsHelper.h">
      <Filter>Файлы заголовков\GraphicsCore</Filter>
    </ClInclude>
    <ClInclude Include="GraphicsDescriptorAllocationPage.h">
      <Filter>Файлы заголовков\GraphicsCore\GraphicsResourceManagement</Filter>
    </ClInclude>
    <ClInclude Include="GraphicsDescriptorAllocator.h">
      <Filter>Файлы заголовков\GraphicsCore\GraphicsResourceManagement</Filter>
    </ClInclude>
    <ClInclude Include="GraphicsResourceManager.h">
      <Filter>Файлы заголовков\GraphicsCore\GraphicsResourceManagement</Filter>
    </ClInclude>
    <ClInclude Include="GraphicsBufferAllocator.h">
      <Filter>Файлы заголовков\GraphicsCore\GraphicsResourceManagement</Filter>
    </ClInclude>
    <ClInclude Include="GraphicsBufferAllocationPage.h">
      <Filter>Файлы заголовков\GraphicsCore\GraphicsResourceManagement</Filter>
    </ClInclude>
    <ClInclude Include="GraphicsDDSLoader.h">
      <Filter>Файлы заголовков\GraphicsCore\GraphicsResourceManagement\TextureLoaders</Filter>
    </ClInclude>
    <ClInclude Include="GraphicsTextureAllocator.h">
      <Filter>Файлы заголовков\GraphicsCore\GraphicsResourceManagement</Filter>
    </ClInclude>
    <ClInclude Include="GraphicsTextureAllocationPage.h">
      <Filter>Файлы заголовков\GraphicsCore\GraphicsResourceManagement</Filter>
    </ClInclude>
    <ClInclude Include="GraphicsOBJLoader.h">
      <Filter>Файлы заголовков\GraphicsCore\GraphicsResourceManagement\MeshLoaders</Filter>
    </ClInclude>
  </ItemGroup>
</Project>