<?xml version="1.0" encoding="utf-8"?>
<Project ToolsVersion="4.0" xmlns="http://schemas.microsoft.com/developer/msbuild/2003">
  <ItemGroup>
    <Filter Include="Исходные файлы">
      <UniqueIdentifier>{4FC737F1-C7A5-4376-A066-2A32D752A2FF}</UniqueIdentifier>
      <Extensions>cpp;c;cc;cxx;c++;cppm;ixx;def;odl;idl;hpj;bat;asm;asmx</Extensions>
    </Filter>
    <Filter Include="Файлы заголовков">
      <UniqueIdentifier>{93995380-89BD-4b04-88EB-625FBE52EBFB}</UniqueIdentifier>
      <Extensions>h;hh;hpp;hxx;h++;hm;inl;inc;ipp;xsd</Extensions>
    </Filter>
    <Filter Include="Файлы ресурсов">
      <UniqueIdentifier>{67DA6AB6-F800-4c08-8B7A-83BB121AAD01}</UniqueIdentifier>
      <Extensions>rc;ico;cur;bmp;dlg;rc2;rct;bin;rgs;gif;jpg;jpeg;jpe;resx;tiff;tif;png;wav;mfcribbon-ms</Extensions>
    </Filter>
    <Filter Include="Исходные файлы\GraphicsCore">
      <UniqueIdentifier>{d88438e5-8c9d-47ec-84fe-125104d462fb}</UniqueIdentifier>
    </Filter>
    <Filter Include="Файлы заголовков\GraphicsCore">
      <UniqueIdentifier>{231f587b-9f2c-42b5-b230-78ccd28d0e31}</UniqueIdentifier>
    </Filter>
    <Filter Include="Исходные файлы\GraphicsPostProcesses">
      <UniqueIdentifier>{f85fbaf6-d335-48d5-833b-a9ccf8eb7012}</UniqueIdentifier>
    </Filter>
    <Filter Include="Файлы заголовков\GraphicsPostProcesses">
      <UniqueIdentifier>{63978b76-e279-4533-8cb4-382a96973fae}</UniqueIdentifier>
    </Filter>
    <Filter Include="Исходные файлы\GraphicsCore\GraphicsResourceManagement">
      <UniqueIdentifier>{0ef524a1-2427-45c1-b840-f5d5db009314}</UniqueIdentifier>
    </Filter>
    <Filter Include="Исходные файлы\GraphicsCore\GraphicsResourceManagement\TextureLoaders">
      <UniqueIdentifier>{27b47c16-b6fa-4121-a1e5-71a5096235a8}</UniqueIdentifier>
    </Filter>
    <Filter Include="Исходные файлы\GraphicsCore\GraphicsResourceManagement\MeshLoaders">
      <UniqueIdentifier>{f4dc2fb3-a8f4-405b-8414-968be1c31d76}</UniqueIdentifier>
    </Filter>
    <Filter Include="Файлы заголовков\GraphicsCore\GraphicsResourceManagement">
      <UniqueIdentifier>{a55a7c7d-4006-4d5e-befb-039203a398f3}</UniqueIdentifier>
    </Filter>
    <Filter Include="Файлы заголовков\GraphicsCore\GraphicsResourceManagement\TextureLoaders">
      <UniqueIdentifier>{aa1d4289-db5e-44d5-8e43-e366705bd3c4}</UniqueIdentifier>
    </Filter>
    <Filter Include="Файлы заголовков\GraphicsCore\GraphicsResourceManagement\MeshLoaders">
      <UniqueIdentifier>{6de81a9e-e18f-48b6-af68-b4342ae4bbe5}</UniqueIdentifier>
    </Filter>
    <Filter Include="Файлы заголовков\GraphicsSceneManagement">
      <UniqueIdentifier>{37f2dc1f-2312-4f65-baac-eacc2401c950}</UniqueIdentifier>
    </Filter>
    <Filter Include="Файлы заголовков\GraphicsSceneManagement\GraphicsObjects">
      <UniqueIdentifier>{a257ad8f-287e-4fc3-a1fb-31d517d269d3}</UniqueIdentifier>
    </Filter>
    <Filter Include="Исходные файлы\GraphicsSceneManagement">
      <UniqueIdentifier>{b3585121-7da3-4e72-a43e-065a64e43ae5}</UniqueIdentifier>
    </Filter>
    <Filter Include="Исходные файлы\GraphicsSceneManagement\GraphicsObjects">
      <UniqueIdentifier>{ec5f4340-975d-4991-9c09-9c54ded11e7b}</UniqueIdentifier>
    </Filter>
    <Filter Include="Файлы заголовков\GraphicsCore\GraphicsLightingSystem">
      <UniqueIdentifier>{bdc1253b-6830-4dea-ac62-641663da080c}</UniqueIdentifier>
    </Filter>
    <Filter Include="Исходные файлы\GraphicsCore\GraphicsLightingSystem">
      <UniqueIdentifier>{17645696-f055-4027-99fe-2dfaf0ef7913}</UniqueIdentifier>
    </Filter>
    <Filter Include="Исходные файлы\GraphicsCore\GraphicsUIManagement">
      <UniqueIdentifier>{758d57d3-898c-440c-a459-dc57a997e448}</UniqueIdentifier>
    </Filter>
    <Filter Include="Файлы заголовков\GraphicsCore\GraphicsUIManagement">
      <UniqueIdentifier>{645bdcd1-57ae-4096-af11-33216772c479}</UniqueIdentifier>
    </Filter>
  </ItemGroup>
  <ItemGroup>
    <ClCompile Include="stdafx.cpp">
      <Filter>Исходные файлы</Filter>
    </ClCompile>
    <ClCompile Include="Main.cpp">
      <Filter>Исходные файлы</Filter>
    </ClCompile>
    <ClCompile Include="GraphicsHelper.cpp">
      <Filter>Исходные файлы\GraphicsCore</Filter>
    </ClCompile>
    <ClCompile Include="Mesh.cpp">
      <Filter>Исходные файлы\GraphicsSceneManagement\GraphicsObjects</Filter>
    </ClCompile>
    <ClCompile Include="OBJLoader.cpp">
      <Filter>Исходные файлы\GraphicsCore\GraphicsResourceManagement\MeshLoaders</Filter>
    </ClCompile>
    <ClCompile Include="DDSLoader.cpp">
      <Filter>Исходные файлы\GraphicsCore\GraphicsResourceManagement\TextureLoaders</Filter>
    </ClCompile>
    <ClCompile Include="BufferAllocationPage.cpp">
      <Filter>Исходные файлы\GraphicsCore\GraphicsResourceManagement</Filter>
    </ClCompile>
    <ClCompile Include="BufferAllocator.cpp">
      <Filter>Исходные файлы\GraphicsCore\GraphicsResourceManagement</Filter>
    </ClCompile>
    <ClCompile Include="DescriptorAllocationPage.cpp">
      <Filter>Исходные файлы\GraphicsCore\GraphicsResourceManagement</Filter>
    </ClCompile>
    <ClCompile Include="DescriptorAllocator.cpp">
      <Filter>Исходные файлы\GraphicsCore\GraphicsResourceManagement</Filter>
    </ClCompile>
    <ClCompile Include="ResourceManager.cpp">
      <Filter>Исходные файлы\GraphicsCore\GraphicsResourceManagement</Filter>
    </ClCompile>
    <ClCompile Include="TextureAllocationPage.cpp">
      <Filter>Исходные файлы\GraphicsCore\GraphicsResourceManagement</Filter>
    </ClCompile>
    <ClCompile Include="TextureAllocator.cpp">
      <Filter>Исходные файлы\GraphicsCore\GraphicsResourceManagement</Filter>
    </ClCompile>
    <ClCompile Include="CommonHandler.cpp">
      <Filter>Исходные файлы\GraphicsCore</Filter>
    </ClCompile>
    <ClCompile Include="RendererDirecX12.cpp">
      <Filter>Исходные файлы\GraphicsCore</Filter>
    </ClCompile>
    <ClCompile Include="PostProcesses.cpp">
      <Filter>Исходные файлы\GraphicsPostProcesses</Filter>
    </ClCompile>
    <ClCompile Include="Material.cpp">
      <Filter>Исходные файлы\GraphicsSceneManagement\GraphicsObjects</Filter>
    </ClCompile>
    <ClCompile Include="GraphicObject.cpp">
      <Filter>Исходные файлы\GraphicsSceneManagement\GraphicsObjects</Filter>
    </ClCompile>
    <ClCompile Include="Scene.cpp">
      <Filter>Исходные файлы\GraphicsSceneManagement</Filter>
    </ClCompile>
    <ClCompile Include="Octree.cpp">
      <Filter>Исходные файлы\GraphicsSceneManagement</Filter>
    </ClCompile>
    <ClCompile Include="Camera.cpp">
      <Filter>Исходные файлы\GraphicsSceneManagement</Filter>
    </ClCompile>
    <ClCompile Include="GraphicsSettings.cpp">
      <Filter>Исходные файлы\GraphicsCore</Filter>
    </ClCompile>
    <ClCompile Include="SceneManager.cpp">
      <Filter>Исходные файлы\GraphicsSceneManagement</Filter>
    </ClCompile>
    <ClCompile Include="LightingSystem.cpp">
      <Filter>Исходные файлы\GraphicsCore\GraphicsLightingSystem</Filter>
    </ClCompile>
    <ClCompile Include="PointLight.cpp">
      <Filter>Исходные файлы\GraphicsCore\GraphicsLightingSystem</Filter>
    </ClCompile>
    <ClCompile Include="ComputeObject.cpp">
      <Filter>Исходные файлы\GraphicsSceneManagement\GraphicsObjects</Filter>
    </ClCompile>
    <ClCompile Include="ParticleSystem.cpp">
      <Filter>Исходные файлы\GraphicsSceneManagement\GraphicsObjects</Filter>
    </ClCompile>
    <ClCompile Include="SpriteUI.cpp">
      <Filter>Исходные файлы\GraphicsCore\GraphicsUIManagement</Filter>
    </ClCompile>
    <ClCompile Include="UISystem.cpp">
      <Filter>Исходные файлы\GraphicsCore\GraphicsUIManagement</Filter>
    </ClCompile>
  </ItemGroup>
  <ItemGroup>
    <ClInclude Include="stdafx.h">
      <Filter>Файлы заголовков</Filter>
    </ClInclude>
    <ClInclude Include="Main.h">
      <Filter>Файлы заголовков</Filter>
    </ClInclude>
    <ClInclude Include="GraphicsHelper.h">
      <Filter>Файлы заголовков\GraphicsCore</Filter>
    </ClInclude>
    <ClInclude Include="Mesh.h">
      <Filter>Файлы заголовков\GraphicsSceneManagement\GraphicsObjects</Filter>
    </ClInclude>
    <ClInclude Include="OBJLoader.h">
      <Filter>Файлы заголовков\GraphicsCore\GraphicsResourceManagement\MeshLoaders</Filter>
    </ClInclude>
    <ClInclude Include="DDSLoader.h">
      <Filter>Файлы заголовков\GraphicsCore\GraphicsResourceManagement\TextureLoaders</Filter>
    </ClInclude>
    <ClInclude Include="BufferAllocationPage.h">
      <Filter>Файлы заголовков\GraphicsCore\GraphicsResourceManagement</Filter>
    </ClInclude>
    <ClInclude Include="BufferAllocator.h">
      <Filter>Файлы заголовков\GraphicsCore\GraphicsResourceManagement</Filter>
    </ClInclude>
    <ClInclude Include="DescriptorAllocationPage.h">
      <Filter>Файлы заголовков\GraphicsCore\GraphicsResourceManagement</Filter>
    </ClInclude>
    <ClInclude Include="DescriptorAllocator.h">
      <Filter>Файлы заголовков\GraphicsCore\GraphicsResourceManagement</Filter>
    </ClInclude>
    <ClInclude Include="ResourceManager.h">
      <Filter>Файлы заголовков\GraphicsCore\GraphicsResourceManagement</Filter>
    </ClInclude>
    <ClInclude Include="TextureAllocationPage.h">
      <Filter>Файлы заголовков\GraphicsCore\GraphicsResourceManagement</Filter>
    </ClInclude>
    <ClInclude Include="TextureAllocator.h">
      <Filter>Файлы заголовков\GraphicsCore\GraphicsResourceManagement</Filter>
    </ClInclude>
    <ClInclude Include="CommonHandler.h">
      <Filter>Файлы заголовков\GraphicsCore</Filter>
    </ClInclude>
    <ClInclude Include="RendererDirectX12.h">
      <Filter>Файлы заголовков\GraphicsCore</Filter>
    </ClInclude>
    <ClInclude Include="PostProcesses.h">
      <Filter>Файлы заголовков\GraphicsPostProcesses</Filter>
    </ClInclude>
    <ClInclude Include="Material.h">
      <Filter>Файлы заголовков\GraphicsSceneManagement\GraphicsObjects</Filter>
    </ClInclude>
    <ClInclude Include="GraphicObject.h">
      <Filter>Файлы заголовков\GraphicsSceneManagement\GraphicsObjects</Filter>
    </ClInclude>
    <ClInclude Include="Scene.h">
      <Filter>Файлы заголовков\GraphicsSceneManagement</Filter>
    </ClInclude>
    <ClInclude Include="Octree.h">
      <Filter>Файлы заголовков\GraphicsSceneManagement</Filter>
    </ClInclude>
    <ClInclude Include="Camera.h">
      <Filter>Файлы заголовков\GraphicsSceneManagement</Filter>
    </ClInclude>
    <ClInclude Include="GraphicsSettings.h">
      <Filter>Файлы заголовков\GraphicsCore</Filter>
    </ClInclude>
    <ClInclude Include="SceneManager.h">
      <Filter>Файлы заголовков\GraphicsSceneManagement</Filter>
    </ClInclude>
    <ClInclude Include="LightingSystem.h">
      <Filter>Файлы заголовков\GraphicsCore\GraphicsLightingSystem</Filter>
    </ClInclude>
    <ClInclude Include="PointLight.h">
      <Filter>Файлы заголовков\GraphicsCore\GraphicsLightingSystem</Filter>
    </ClInclude>
    <ClInclude Include="ComputeObject.h">
      <Filter>Файлы заголовков\GraphicsSceneManagement\GraphicsObjects</Filter>
    </ClInclude>
    <ClInclude Include="ParticleSystem.h">
      <Filter>Файлы заголовков\GraphicsSceneManagement\GraphicsObjects</Filter>
    </ClInclude>
    <ClInclude Include="SpriteUI.h">
      <Filter>Файлы заголовков\GraphicsCore\GraphicsUIManagement</Filter>
    </ClInclude>
    <ClInclude Include="UISystem.h">
      <Filter>Файлы заголовков\GraphicsCore\GraphicsUIManagement</Filter>
    </ClInclude>
  </ItemGroup>
</Project>